
Microsoft Visual Studio Solution File, Format Version 12.00
# Visual Studio 15
VisualStudioVersion = 15.0.26730.12
MinimumVisualStudioVersion = 10.0.40219.1
Project("{FAE04EC0-301F-11D3-BF4B-00C04F79EFBC}") = "Codekal.cs", "Codekal.cs\Codekal.cs.csproj", "{9D4679A0-F2CF-455E-BB38-E494515431F0}"
EndProject
Global
	GlobalSection(SolutionConfigurationPlatforms) = preSolution
		Debug|Any CPU = Debug|Any CPU
		Release|Any CPU = Release|Any CPU
	EndGlobalSection
	GlobalSection(ProjectConfigurationPlatforms) = postSolution
		{9D4679A0-F2CF-455E-BB38-E494515431F0}.Debug|Any CPU.ActiveCfg = Debug|Any CPU
		{9D4679A0-F2CF-455E-BB38-E494515431F0}.Debug|Any CPU.Build.0 = Debug|Any CPU
		{9D4679A0-F2CF-455E-BB38-E494515431F0}.Release|Any CPU.ActiveCfg = Release|Any CPU
		{9D4679A0-F2CF-455E-BB38-E494515431F0}.Release|Any CPU.Build.0 = Release|Any CPU
	EndGlobalSection
	GlobalSection(SolutionProperties) = preSolution
		HideSolutionNode = FALSE
	EndGlobalSection
	GlobalSection(ExtensibilityGlobals) = postSolution
		SolutionGuid = {9892FED1-2137-484E-A0D4-603CC21BA44D}
	EndGlobalSection
EndGlobal
